
Microsoft Visual Studio Solution File, Format Version 12.00
# Visual Studio 15
Project("{FAE04EC0-301F-11D3-BF4B-00C04F79EFBC}") = "Assembly-CSharp", "Assembly-CSharp.csproj", "{C0CB1E4E-A8B7-172B-379E-EEBC817CB03E}"
EndProject
Project("{FAE04EC0-301F-11D3-BF4B-00C04F79EFBC}") = "NaughtyAttributes.Test", "NaughtyAttributes.Test.csproj", "{AF1CB3CA-6B49-4FDA-66B7-2AC6D1B39A44}"
EndProject
Project("{FAE04EC0-301F-11D3-BF4B-00C04F79EFBC}") = "NaughtyAttributes.Core", "NaughtyAttributes.Core.csproj", "{3237C8AB-9726-55E8-E688-ACA8CCCA0BB4}"
EndProject
Project("{FAE04EC0-301F-11D3-BF4B-00C04F79EFBC}") = "NaughtyAttributes.Editor", "NaughtyAttributes.Editor.csproj", "{66CC79E1-57D9-2ABB-AE68-E9AC308BDCF1}"
EndProject
Project("{FAE04EC0-301F-11D3-BF4B-00C04F79EFBC}") = "AYellowpaper.SerializedCollections", "AYellowpaper.SerializedCollections.csproj", "{8E37C2D0-DC04-ECA7-CC56-F3FF6994B824}"
EndProject
Project("{FAE04EC0-301F-11D3-BF4B-00C04F79EFBC}") = "Assembly-CSharp-firstpass", "Assembly-CSharp-firstpass.csproj", "{A3098463-A471-4F41-4EB9-51E800E96FE4}"
EndProject
Project("{FAE04EC0-301F-11D3-BF4B-00C04F79EFBC}") = "AYellowpaper.SerializedCollections.Editor", "AYellowpaper.SerializedCollections.Editor.csproj", "{5A58C671-6E70-F280-3163-D1B7113390CC}"
EndProject
Global
	GlobalSection(SolutionConfigurationPlatforms) = preSolution
		Debug|Any CPU = Debug|Any CPU
		Release|Any CPU = Release|Any CPU
	EndGlobalSection
	GlobalSection(ProjectConfigurationPlatforms) = postSolution
		{C0CB1E4E-A8B7-172B-379E-EEBC817CB03E}.Debug|Any CPU.ActiveCfg = Debug|Any CPU
		{C0CB1E4E-A8B7-172B-379E-EEBC817CB03E}.Debug|Any CPU.Build.0 = Debug|Any CPU
		{C0CB1E4E-A8B7-172B-379E-EEBC817CB03E}.Release|Any CPU.ActiveCfg = Release|Any CPU
		{C0CB1E4E-A8B7-172B-379E-EEBC817CB03E}.Release|Any CPU.Build.0 = Release|Any CPU
		{AF1CB3CA-6B49-4FDA-66B7-2AC6D1B39A44}.Debug|Any CPU.ActiveCfg = Debug|Any CPU
		{AF1CB3CA-6B49-4FDA-66B7-2AC6D1B39A44}.Debug|Any CPU.Build.0 = Debug|Any CPU
		{AF1CB3CA-6B49-4FDA-66B7-2AC6D1B39A44}.Release|Any CPU.ActiveCfg = Release|Any CPU
		{AF1CB3CA-6B49-4FDA-66B7-2AC6D1B39A44}.Release|Any CPU.Build.0 = Release|Any CPU
		{3237C8AB-9726-55E8-E688-ACA8CCCA0BB4}.Debug|Any CPU.ActiveCfg = Debug|Any CPU
		{3237C8AB-9726-55E8-E688-ACA8CCCA0BB4}.Debug|Any CPU.Build.0 = Debug|Any CPU
		{3237C8AB-9726-55E8-E688-ACA8CCCA0BB4}.Release|Any CPU.ActiveCfg = Release|Any CPU
		{3237C8AB-9726-55E8-E688-ACA8CCCA0BB4}.Release|Any CPU.Build.0 = Release|Any CPU
		{66CC79E1-57D9-2ABB-AE68-E9AC308BDCF1}.Debug|Any CPU.ActiveCfg = Debug|Any CPU
		{66CC79E1-57D9-2ABB-AE68-E9AC308BDCF1}.Debug|Any CPU.Build.0 = Debug|Any CPU
		{66CC79E1-57D9-2ABB-AE68-E9AC308BDCF1}.Release|Any CPU.ActiveCfg = Release|Any CPU
		{66CC79E1-57D9-2ABB-AE68-E9AC308BDCF1}.Release|Any CPU.Build.0 = Release|Any CPU
		{8E37C2D0-DC04-ECA7-CC56-F3FF6994B824}.Debug|Any CPU.ActiveCfg = Debug|Any CPU
		{8E37C2D0-DC04-ECA7-CC56-F3FF6994B824}.Debug|Any CPU.Build.0 = Debug|Any CPU
		{8E37C2D0-DC04-ECA7-CC56-F3FF6994B824}.Release|Any CPU.ActiveCfg = Release|Any CPU
		{8E37C2D0-DC04-ECA7-CC56-F3FF6994B824}.Release|Any CPU.Build.0 = Release|Any CPU
		{A3098463-A471-4F41-4EB9-51E800E96FE4}.Debug|Any CPU.ActiveCfg = Debug|Any CPU
		{A3098463-A471-4F41-4EB9-51E800E96FE4}.Debug|Any CPU.Build.0 = Debug|Any CPU
		{A3098463-A471-4F41-4EB9-51E800E96FE4}.Release|Any CPU.ActiveCfg = Release|Any CPU
		{A3098463-A471-4F41-4EB9-51E800E96FE4}.Release|Any CPU.Build.0 = Release|Any CPU
		{5A58C671-6E70-F280-3163-D1B7113390CC}.Debug|Any CPU.ActiveCfg = Debug|Any CPU
		{5A58C671-6E70-F280-3163-D1B7113390CC}.Debug|Any CPU.Build.0 = Debug|Any CPU
		{5A58C671-6E70-F280-3163-D1B7113390CC}.Release|Any CPU.ActiveCfg = Release|Any CPU
		{5A58C671-6E70-F280-3163-D1B7113390CC}.Release|Any CPU.Build.0 = Release|Any CPU
	EndGlobalSection
	GlobalSection(SolutionProperties) = preSolution
		HideSolutionNode = FALSE
	EndGlobalSection
EndGlobal
